
Microsoft Visual Studio Solution File, Format Version 12.00
# Visual Studio Version 17
VisualStudioVersion = 17.5.002.0
MinimumVisualStudioVersion = 10.0.40219.1
Project("{9A19103F-16F7-4668-BE54-9A1E7A4F7556}") = "MusteriYonetimSistemi", "MusteriYonetimSistemi.csproj", "{599B1208-8545-49F8-8ECD-A4B33460BD72}"
EndProject
Global
	GlobalSection(SolutionConfigurationPlatforms) = preSolution
		Debug|Any CPU = Debug|Any CPU
		Release|Any CPU = Release|Any CPU
	EndGlobalSection
	GlobalSection(ProjectConfigurationPlatforms) = postSolution
		{599B1208-8545-49F8-8ECD-A4B33460BD72}.Debug|Any CPU.ActiveCfg = Debug|Any CPU
		{599B1208-8545-49F8-8ECD-A4B33460BD72}.Debug|Any CPU.Build.0 = Debug|Any CPU
		{599B1208-8545-49F8-8ECD-A4B33460BD72}.Release|Any CPU.ActiveCfg = Release|Any CPU
		{599B1208-8545-49F8-8ECD-A4B33460BD72}.Release|Any CPU.Build.0 = Release|Any CPU
	EndGlobalSection
	GlobalSection(SolutionProperties) = preSolution
		HideSolutionNode = FALSE
	EndGlobalSection
	GlobalSection(ExtensibilityGlobals) = postSolution
		SolutionGuid = {7C381118-F2B1-4287-8F00-CB65EB798C68}
	EndGlobalSection
EndGlobal
