
Microsoft Visual Studio Solution File, Format Version 12.00
# Visual Studio Version 17
VisualStudioVersion = 17.5.002.0
MinimumVisualStudioVersion = 10.0.40219.1
Project("{9A19103F-16F7-4668-BE54-9A1E7A4F7556}") = "Soru1", "Soru1.csproj", "{AF908C3C-910B-4076-9C86-68B30EFA118E}"
EndProject
Global
	GlobalSection(SolutionConfigurationPlatforms) = preSolution
		Debug|Any CPU = Debug|Any CPU
		Release|Any CPU = Release|Any CPU
	EndGlobalSection
	GlobalSection(ProjectConfigurationPlatforms) = postSolution
		{AF908C3C-910B-4076-9C86-68B30EFA118E}.Debug|Any CPU.ActiveCfg = Debug|Any CPU
		{AF908C3C-910B-4076-9C86-68B30EFA118E}.Debug|Any CPU.Build.0 = Debug|Any CPU
		{AF908C3C-910B-4076-9C86-68B30EFA118E}.Release|Any CPU.ActiveCfg = Release|Any CPU
		{AF908C3C-910B-4076-9C86-68B30EFA118E}.Release|Any CPU.Build.0 = Release|Any CPU
	EndGlobalSection
	GlobalSection(SolutionProperties) = preSolution
		HideSolutionNode = FALSE
	EndGlobalSection
	GlobalSection(ExtensibilityGlobals) = postSolution
		SolutionGuid = {233B4AC0-AD05-4CD2-A27E-54145DEF12A5}
	EndGlobalSection
EndGlobal
