
Microsoft Visual Studio Solution File, Format Version 12.00
# Visual Studio Version 17
VisualStudioVersion = 17.0.31903.59
MinimumVisualStudioVersion = 10.0.40219.1
Project("{FAE04EC0-301F-11D3-BF4B-00C04F79EFBC}") = "Project07_StringMethods", "Project07_StringMethods\Project07_StringMethods.csproj", "{8B21DBB2-7A2C-4D1F-9711-B591941BD8E8}"
EndProject
Project("{FAE04EC0-301F-11D3-BF4B-00C04F79EFBC}") = "Project08_NumberMethods", "Project08_NumberMethods\Project08_NumberMethods.csproj", "{4FB48FFE-3B6D-4045-A1A1-D5861D17C6EF}"
EndProject
Project("{FAE04EC0-301F-11D3-BF4B-00C04F79EFBC}") = "Project09_DateTimeMethods", "Project09_DateTimeMethods\Project09_DateTimeMethods.csproj", "{445C6A6A-2116-4F7C-B3A5-4E18A14ED207}"
EndProject
Project("{FAE04EC0-301F-11D3-BF4B-00C04F79EFBC}") = "Project10_Conditions", "Project10_Conditions\Project10_Conditions.csproj", "{1B95CCD9-BACE-4413-B93E-CD88D4DA4D73}"
EndProject
Global
	GlobalSection(SolutionConfigurationPlatforms) = preSolution
		Debug|Any CPU = Debug|Any CPU
		Release|Any CPU = Release|Any CPU
	EndGlobalSection
	GlobalSection(SolutionProperties) = preSolution
		HideSolutionNode = FALSE
	EndGlobalSection
	GlobalSection(ProjectConfigurationPlatforms) = postSolution
		{8B21DBB2-7A2C-4D1F-9711-B591941BD8E8}.Debug|Any CPU.ActiveCfg = Debug|Any CPU
		{8B21DBB2-7A2C-4D1F-9711-B591941BD8E8}.Debug|Any CPU.Build.0 = Debug|Any CPU
		{8B21DBB2-7A2C-4D1F-9711-B591941BD8E8}.Release|Any CPU.ActiveCfg = Release|Any CPU
		{8B21DBB2-7A2C-4D1F-9711-B591941BD8E8}.Release|Any CPU.Build.0 = Release|Any CPU
		{4FB48FFE-3B6D-4045-A1A1-D5861D17C6EF}.Debug|Any CPU.ActiveCfg = Debug|Any CPU
		{4FB48FFE-3B6D-4045-A1A1-D5861D17C6EF}.Debug|Any CPU.Build.0 = Debug|Any CPU
		{4FB48FFE-3B6D-4045-A1A1-D5861D17C6EF}.Release|Any CPU.ActiveCfg = Release|Any CPU
		{4FB48FFE-3B6D-4045-A1A1-D5861D17C6EF}.Release|Any CPU.Build.0 = Release|Any CPU
		{445C6A6A-2116-4F7C-B3A5-4E18A14ED207}.Debug|Any CPU.ActiveCfg = Debug|Any CPU
		{445C6A6A-2116-4F7C-B3A5-4E18A14ED207}.Debug|Any CPU.Build.0 = Debug|Any CPU
		{445C6A6A-2116-4F7C-B3A5-4E18A14ED207}.Release|Any CPU.ActiveCfg = Release|Any CPU
		{445C6A6A-2116-4F7C-B3A5-4E18A14ED207}.Release|Any CPU.Build.0 = Release|Any CPU
		{1B95CCD9-BACE-4413-B93E-CD88D4DA4D73}.Debug|Any CPU.ActiveCfg = Debug|Any CPU
		{1B95CCD9-BACE-4413-B93E-CD88D4DA4D73}.Debug|Any CPU.Build.0 = Debug|Any CPU
		{1B95CCD9-BACE-4413-B93E-CD88D4DA4D73}.Release|Any CPU.ActiveCfg = Release|Any CPU
		{1B95CCD9-BACE-4413-B93E-CD88D4DA4D73}.Release|Any CPU.Build.0 = Release|Any CPU
	EndGlobalSection
EndGlobal
