
Microsoft Visual Studio Solution File, Format Version 12.00
# Visual Studio Version 17
VisualStudioVersion = 17.5.002.0
MinimumVisualStudioVersion = 10.0.40219.1
Project("{9A19103F-16F7-4668-BE54-9A1E7A4F7556}") = "Soru2", "Soru2.csproj", "{343F6C4A-366B-4D59-B8E3-C7FCE2742D23}"
EndProject
Global
	GlobalSection(SolutionConfigurationPlatforms) = preSolution
		Debug|Any CPU = Debug|Any CPU
		Release|Any CPU = Release|Any CPU
	EndGlobalSection
	GlobalSection(ProjectConfigurationPlatforms) = postSolution
		{343F6C4A-366B-4D59-B8E3-C7FCE2742D23}.Debug|Any CPU.ActiveCfg = Debug|Any CPU
		{343F6C4A-366B-4D59-B8E3-C7FCE2742D23}.Debug|Any CPU.Build.0 = Debug|Any CPU
		{343F6C4A-366B-4D59-B8E3-C7FCE2742D23}.Release|Any CPU.ActiveCfg = Release|Any CPU
		{343F6C4A-366B-4D59-B8E3-C7FCE2742D23}.Release|Any CPU.Build.0 = Release|Any CPU
	EndGlobalSection
	GlobalSection(SolutionProperties) = preSolution
		HideSolutionNode = FALSE
	EndGlobalSection
	GlobalSection(ExtensibilityGlobals) = postSolution
		SolutionGuid = {846185AA-CD34-4DE4-A716-8F23BBE120E3}
	EndGlobalSection
EndGlobal
