
Microsoft Visual Studio Solution File, Format Version 12.00
# Visual Studio Version 17
VisualStudioVersion = 17.5.002.0
MinimumVisualStudioVersion = 10.0.40219.1
Project("{9A19103F-16F7-4668-BE54-9A1E7A4F7556}") = "HomeWork08", "HomeWork08.csproj", "{62E64634-F5A6-43FE-A0F9-80951FAE664E}"
EndProject
Global
	GlobalSection(SolutionConfigurationPlatforms) = preSolution
		Debug|Any CPU = Debug|Any CPU
		Release|Any CPU = Release|Any CPU
	EndGlobalSection
	GlobalSection(ProjectConfigurationPlatforms) = postSolution
		{62E64634-F5A6-43FE-A0F9-80951FAE664E}.Debug|Any CPU.ActiveCfg = Debug|Any CPU
		{62E64634-F5A6-43FE-A0F9-80951FAE664E}.Debug|Any CPU.Build.0 = Debug|Any CPU
		{62E64634-F5A6-43FE-A0F9-80951FAE664E}.Release|Any CPU.ActiveCfg = Release|Any CPU
		{62E64634-F5A6-43FE-A0F9-80951FAE664E}.Release|Any CPU.Build.0 = Release|Any CPU
	EndGlobalSection
	GlobalSection(SolutionProperties) = preSolution
		HideSolutionNode = FALSE
	EndGlobalSection
	GlobalSection(ExtensibilityGlobals) = postSolution
		SolutionGuid = {B483CC87-D28F-4667-A37C-5558F5CF3373}
	EndGlobalSection
EndGlobal
